
Microsoft Visual Studio Solution File, Format Version 12.00
# Visual Studio Version 17
VisualStudioVersion = 17.3.32825.248
MinimumVisualStudioVersion = 10.0.40219.1
Project("{FAE04EC0-301F-11D3-BF4B-00C04F79EFBC}") = "Binary_Compiler_Test_1", "Binary_Compiler_Test_1\Binary_Compiler_Test_1.csproj", "{B46973B7-0647-4E36-A00D-84ED64F59CA1}"
EndProject
Global
	GlobalSection(SolutionConfigurationPlatforms) = preSolution
		Debug|Any CPU = Debug|Any CPU
		Release|Any CPU = Release|Any CPU
	EndGlobalSection
	GlobalSection(ProjectConfigurationPlatforms) = postSolution
		{B46973B7-0647-4E36-A00D-84ED64F59CA1}.Debug|Any CPU.ActiveCfg = Debug|Any CPU
		{B46973B7-0647-4E36-A00D-84ED64F59CA1}.Debug|Any CPU.Build.0 = Debug|Any CPU
		{B46973B7-0647-4E36-A00D-84ED64F59CA1}.Release|Any CPU.ActiveCfg = Release|Any CPU
		{B46973B7-0647-4E36-A00D-84ED64F59CA1}.Release|Any CPU.Build.0 = Release|Any CPU
	EndGlobalSection
	GlobalSection(SolutionProperties) = preSolution
		HideSolutionNode = FALSE
	EndGlobalSection
	GlobalSection(ExtensibilityGlobals) = postSolution
		SolutionGuid = {846B3A60-474B-4DC3-BAE7-08F275ACA447}
	EndGlobalSection
EndGlobal
